
Microsoft Visual Studio Solution File, Format Version 12.00
# Visual Studio Version 16
VisualStudioVersion = 16.0.30413.136
MinimumVisualStudioVersion = 10.0.40219.1
Project("{9A19103F-16F7-4668-BE54-9A1E7A4F7556}") = "RogueModLoader.Core", "RogueModLoader.Core\RogueModLoader.Core.csproj", "{C1741705-22F2-457A-868D-8AF50980244F}"
EndProject
Project("{9A19103F-16F7-4668-BE54-9A1E7A4F7556}") = "RogueModLoader.ConsoleApp", "RogueModLoader.ConsoleApp\RogueModLoader.ConsoleApp.csproj", "{5C3A08DB-5753-4AE3-AE4F-E2E2622CFB6F}"
EndProject
Global
	GlobalSection(SolutionConfigurationPlatforms) = preSolution
		Debug|Any CPU = Debug|Any CPU
		Release|Any CPU = Release|Any CPU
	EndGlobalSection
	GlobalSection(ProjectConfigurationPlatforms) = postSolution
		{C1741705-22F2-457A-868D-8AF50980244F}.Debug|Any CPU.ActiveCfg = Debug|Any CPU
		{C1741705-22F2-457A-868D-8AF50980244F}.Debug|Any CPU.Build.0 = Debug|Any CPU
		{C1741705-22F2-457A-868D-8AF50980244F}.Release|Any CPU.ActiveCfg = Release|Any CPU
		{C1741705-22F2-457A-868D-8AF50980244F}.Release|Any CPU.Build.0 = Release|Any CPU
		{5C3A08DB-5753-4AE3-AE4F-E2E2622CFB6F}.Debug|Any CPU.ActiveCfg = Debug|Any CPU
		{5C3A08DB-5753-4AE3-AE4F-E2E2622CFB6F}.Debug|Any CPU.Build.0 = Debug|Any CPU
		{5C3A08DB-5753-4AE3-AE4F-E2E2622CFB6F}.Release|Any CPU.ActiveCfg = Release|Any CPU
		{5C3A08DB-5753-4AE3-AE4F-E2E2622CFB6F}.Release|Any CPU.Build.0 = Release|Any CPU
	EndGlobalSection
	GlobalSection(SolutionProperties) = preSolution
		HideSolutionNode = FALSE
	EndGlobalSection
	GlobalSection(ExtensibilityGlobals) = postSolution
		SolutionGuid = {885BEC6C-1334-46AB-8D54-A5573AAC48A3}
	EndGlobalSection
EndGlobal
